
Microsoft Visual Studio Solution File, Format Version 12.00
# Visual Studio 15
VisualStudioVersion = 15.0.28307.102
MinimumVisualStudioVersion = 10.0.40219.1
Project("{FAE04EC0-301F-11D3-BF4B-00C04F79EFBC}") = "HomeWork4", "HomeWork4\HomeWork4.csproj", "{073C0DB9-4648-496C-98BC-FD1C914D209F}"
EndProject
Global
	GlobalSection(SolutionConfigurationPlatforms) = preSolution
		Debug|Any CPU = Debug|Any CPU
		Release|Any CPU = Release|Any CPU
	EndGlobalSection
	GlobalSection(ProjectConfigurationPlatforms) = postSolution
		{073C0DB9-4648-496C-98BC-FD1C914D209F}.Debug|Any CPU.ActiveCfg = Debug|Any CPU
		{073C0DB9-4648-496C-98BC-FD1C914D209F}.Debug|Any CPU.Build.0 = Debug|Any CPU
		{073C0DB9-4648-496C-98BC-FD1C914D209F}.Release|Any CPU.ActiveCfg = Release|Any CPU
		{073C0DB9-4648-496C-98BC-FD1C914D209F}.Release|Any CPU.Build.0 = Release|Any CPU
	EndGlobalSection
	GlobalSection(SolutionProperties) = preSolution
		HideSolutionNode = FALSE
	EndGlobalSection
	GlobalSection(ExtensibilityGlobals) = postSolution
		SolutionGuid = {845259EF-3A95-4252-A5F3-E372C223C2CF}
	EndGlobalSection
EndGlobal
